
Microsoft Visual Studio Solution File, Format Version 12.00
# Visual Studio Version 17
VisualStudioVersion = 17.7.34221.43
MinimumVisualStudioVersion = 10.0.40219.1
Project("{FAE04EC0-301F-11D3-BF4B-00C04F79EFBC}") = "House building", "House building\House building.csproj", "{8CA07712-7072-4D90-BAC4-E1602520B55E}"
EndProject
Global
	GlobalSection(SolutionConfigurationPlatforms) = preSolution
		Debug|Any CPU = Debug|Any CPU
		Release|Any CPU = Release|Any CPU
	EndGlobalSection
	GlobalSection(ProjectConfigurationPlatforms) = postSolution
		{8CA07712-7072-4D90-BAC4-E1602520B55E}.Debug|Any CPU.ActiveCfg = Debug|Any CPU
		{8CA07712-7072-4D90-BAC4-E1602520B55E}.Debug|Any CPU.Build.0 = Debug|Any CPU
		{8CA07712-7072-4D90-BAC4-E1602520B55E}.Release|Any CPU.ActiveCfg = Release|Any CPU
		{8CA07712-7072-4D90-BAC4-E1602520B55E}.Release|Any CPU.Build.0 = Release|Any CPU
	EndGlobalSection
	GlobalSection(SolutionProperties) = preSolution
		HideSolutionNode = FALSE
	EndGlobalSection
	GlobalSection(ExtensibilityGlobals) = postSolution
		SolutionGuid = {4040A307-4596-4584-BBE5-EC36B699AE7B}
	EndGlobalSection
EndGlobal
